
Microsoft Visual Studio Solution File, Format Version 12.00
# Visual Studio Version 16
VisualStudioVersion = 16.0.30114.105
MinimumVisualStudioVersion = 10.0.40219.1
Project("{FAE04EC0-301F-11D3-BF4B-00C04F79EFBC}") = "Schemish", "Schemish\Schemish.csproj", "{483C19A6-8965-44BB-9D81-C2244DDBA3D4}"
EndProject
Project("{FAE04EC0-301F-11D3-BF4B-00C04F79EFBC}") = "Repl", "Repl\Repl.csproj", "{8FF90A80-486E-47DE-8C9A-AEC33A241090}"
EndProject
Global
	GlobalSection(SolutionConfigurationPlatforms) = preSolution
		Debug|Any CPU = Debug|Any CPU
		Release|Any CPU = Release|Any CPU
	EndGlobalSection
	GlobalSection(SolutionProperties) = preSolution
		HideSolutionNode = FALSE
	EndGlobalSection
	GlobalSection(ProjectConfigurationPlatforms) = postSolution
		{483C19A6-8965-44BB-9D81-C2244DDBA3D4}.Debug|Any CPU.ActiveCfg = Debug|Any CPU
		{483C19A6-8965-44BB-9D81-C2244DDBA3D4}.Debug|Any CPU.Build.0 = Debug|Any CPU
		{483C19A6-8965-44BB-9D81-C2244DDBA3D4}.Release|Any CPU.ActiveCfg = Release|Any CPU
		{483C19A6-8965-44BB-9D81-C2244DDBA3D4}.Release|Any CPU.Build.0 = Release|Any CPU
		{8FF90A80-486E-47DE-8C9A-AEC33A241090}.Debug|Any CPU.ActiveCfg = Debug|Any CPU
		{8FF90A80-486E-47DE-8C9A-AEC33A241090}.Debug|Any CPU.Build.0 = Debug|Any CPU
		{8FF90A80-486E-47DE-8C9A-AEC33A241090}.Release|Any CPU.ActiveCfg = Release|Any CPU
		{8FF90A80-486E-47DE-8C9A-AEC33A241090}.Release|Any CPU.Build.0 = Release|Any CPU
	EndGlobalSection
EndGlobal
